// !$*UTF8*$!
{
	archiveVersion = 1;
	classes = {
	};
	objectVersion = 46;
	objects = {

/* Begin PBXBuildFile section */
		C39FB2041B3C71D700796A32 /* AppDelegate.swift in Sources */ = {isa = PBXBuildFile; fileRef = C39FB2031B3C71D700796A32 /* AppDelegate.swift */; };
		C39FB2061B3C71D700796A32 /* ViewController.swift in Sources */ = {isa = PBXBuildFile; fileRef = C39FB2051B3C71D700796A32 /* ViewController.swift */; };
		C39FB2091B3C71D700796A32 /* Main.storyboard in Resources */ = {isa = PBXBuildFile; fileRef = C39FB2071B3C71D700796A32 /* Main.storyboard */; };
		C39FB20B1B3C71D700796A32 /* Images.xcassets in Resources */ = {isa = PBXBuildFile; fileRef = C39FB20A1B3C71D700796A32 /* Images.xcassets */; };
		C39FB20E1B3C71D700796A32 /* LaunchScreen.xib in Resources */ = {isa = PBXBuildFile; fileRef = C39FB20C1B3C71D700796A32 /* LaunchScreen.xib */; };
		C39FB21A1B3C71D800796A32 /* SimpleAppTests.swift in Sources */ = {isa = PBXBuildFile; fileRef = C39FB2191B3C71D800796A32 /* SimpleAppTests.swift */; };
/* End PBXBuildFile section */

/* Begin PBXContainerItemProxy section */
		C39FB2141B3C71D800796A32 /* PBXContainerItemProxy */ = {
			isa = PBXContainerItemProxy;
			containerPortal = C39FB1F61B3C71D700796A32 /* Project object */;
			proxyType = 1;
			remoteGlobalIDString = C39FB1FD1B3C71D700796A32;
			remoteInfo = SimpleApp;
		};
/* End PBXContainerItemProxy section */

/* Begin PBXFileReference section */
		C39FB1FE1B3C71D700796A32 /* SimpleApp.app */ = {isa = PBXFileReference; explicitFileType = wrapper.application; includeInIndex = 0; path = SimpleApp.app; sourceTree = BUILT_PRODUCTS_DIR; };
		C39FB2021B3C71D700796A32 /* Info.plist */ = {isa = PBXFileReference; lastKnownFileType = text.plist.xml; path = Info.plist; sourceTree = "<group>"; };
		C39FB2031B3C71D700796A32 /* AppDelegate.swift */ = {isa = PBXFileReference; lastKnownFileType = sourcecode.swift; path = AppDelegate.swift; sourceTree = "<group>"; };
		C39FB2051B3C71D700796A32 /* ViewController.swift */ = {isa = PBXFileReference; lastKnownFileType = sourcecode.swift; path = ViewController.swift; sourceTree = "<group>"; };
		C39FB2081B3C71D700796A32 /* Base */ = {isa = PBXFileReference; lastKnownFileType = file.storyboard; name = Base; path = Base.lproj/Main.storyboard; sourceTree = "<group>"; };
		C39FB20A1B3C71D700796A32 /* Images.xcassets */ = {isa = PBXFileReference; lastKnownFileType = folder.assetcatalog; path = Images.xcassets; sourceTree = "<group>"; };
		C39FB20D1B3C71D700796A32 /* Base */ = {isa = PBXFileReference; lastKnownFileType = file.xib; name = Base; path = Base.lproj/LaunchScreen.xib; sourceTree = "<group>"; };
		C39FB2131B3C71D800796A32 /* SimpleAppTests.xctest */ = {isa = PBXFileReference; explicitFileType = wrapper.cfbundle; includeInIndex = 0; path = SimpleAppTests.xctest; sourceTree = BUILT_PRODUCTS_DIR; };
		C39FB2181B3C71D800796A32 /* Info.plist */ = {isa = PBXFileReference; lastKnownFileType = text.plist.xml; path = Info.plist; sourceTree = "<group>"; };
		C39FB2191B3C71D800796A32 /* SimpleAppTests.swift */ = {isa = PBXFileReference; lastKnownFileType = sourcecode.swift; path = SimpleAppTests.swift; sourceTree = "<group>"; };
		C39FB2231B3DB5DB00796A32 /* MakeSchoolNotes-Template.zip */ = {isa = PBXFileReference; lastKnownFileType = archive.zip; name = "MakeSchoolNotes-Template.zip"; path = "../../../Downloads/MakeSchoolNotes-Template.zip"; sourceTree = "<group>"; };
/* End PBXFileReference section */

/* Begin PBXFrameworksBuildPhase section */
		C39FB1FB1B3C71D700796A32 /* Frameworks */ = {
			isa = PBXFrameworksBuildPhase;
			buildActionMask = 2147483647;
			files = (
			);
			runOnlyForDeploymentPostprocessing = 0;
		};
		C39FB2101B3C71D800796A32 /* Frameworks */ = {
			isa = PBXFrameworksBuildPhase;
			buildActionMask = 2147483647;
			files = (
			);
			runOnlyForDeploymentPostprocessing = 0;
		};
/* End PBXFrameworksBuildPhase section */

/* Begin PBXGroup section */
		C39FB1F51B3C71D700796A32 = {
			isa = PBXGroup;
			children = (
				C39FB2231B3DB5DB00796A32 /* MakeSchoolNotes-Template.zip */,
				C39FB2001B3C71D700796A32 /* SimpleApp */,
				C39FB2161B3C71D800796A32 /* SimpleAppTests */,
				C39FB1FF1B3C71D700796A32 /* Products */,
			);
			sourceTree = "<group>";
		};
		C39FB1FF1B3C71D700796A32 /* Products */ = {
			isa = PBXGroup;
			children = (
				C39FB1FE1B3C71D700796A32 /* SimpleApp.app */,
				C39FB2131B3C71D800796A32 /* SimpleAppTests.xctest */,
			);
			name = Products;
			sourceTree = "<group>";
		};
		C39FB2001B3C71D700796A32 /* SimpleApp */ = {
			isa = PBXGroup;
			children = (
				C39FB2031B3C71D700796A32 /* AppDelegate.swift */,
				C39FB2051B3C71D700796A32 /* ViewController.swift */,
				C39FB2071B3C71D700796A32 /* Main.storyboard */,
				C39FB20A1B3C71D700796A32 /* Images.xcassets */,
				C39FB20C1B3C71D700796A32 /* LaunchScreen.xib */,
				C39FB2011B3C71D700796A32 /* Supporting Files */,
			);
			path = SimpleApp;
			sourceTree = "<group>";
		};
		C39FB2011B3C71D700796A32 /* Supporting Files */ = {
			isa = PBXGroup;
			children = (
				C39FB2021B3C71D700796A32 /* Info.plist */,
			);
			name = "Supporting Files";
			sourceTree = "<group>";
		};
		C39FB2161B3C71D800796A32 /* SimpleAppTests */ = {
			isa = PBXGroup;
			children = (
				C39FB2191B3C71D800796A32 /* SimpleAppTests.swift */,
				C39FB2171B3C71D800796A32 /* Supporting Files */,
			);
			path = SimpleAppTests;
			sourceTree = "<group>";
		};
		C39FB2171B3C71D800796A32 /* Supporting Files */ = {
			isa = PBXGroup;
			children = (
				C39FB2181B3C71D800796A32 /* Info.plist */,
			);
			name = "Supporting Files";
			sourceTree = "<group>";
		};
/* End PBXGroup section */

/* Begin PBXNativeTarget section */
		C39FB1FD1B3C71D700796A32 /* SimpleApp */ = {
			isa = PBXNativeTarget;
			buildConfigurationList = C39FB21D1B3C71D800796A32 /* Build configuration list for PBXNativeTarget "SimpleApp" */;
			buildPhases = (
				C39FB1FA1B3C71D700796A32 /* Sources */,
				C39FB1FB1B3C71D700796A32 /* Frameworks */,
				C39FB1FC1B3C71D700796A32 /* Resources */,
			);
			buildRules = (
			);
			dependencies = (
			);
			name = SimpleApp;
			productName = SimpleApp;
			productReference = C39FB1FE1B3C71D700796A32 /* SimpleApp.app */;
			productType = "com.apple.product-type.application";
		};
		C39FB2121B3C71D800796A32 /* SimpleAppTests */ = {
			isa = PBXNativeTarget;
			buildConfigurationList = C39FB2201B3C71D800796A32 /* Build configuration list for PBXNativeTarget "SimpleAppTests" */;
			buildPhases = (
				C39FB20F1B3C71D800796A32 /* Sources */,
				C39FB2101B3C71D800796A32 /* Frameworks */,
				C39FB2111B3C71D800796A32 /* Resources */,
			);
			buildRules = (
			);
			dependencies = (
				C39FB2151B3C71D800796A32 /* PBXTargetDependency */,
			);
			name = SimpleAppTests;
			productName = SimpleAppTests;
			productReference = C39FB2131B3C71D800796A32 /* SimpleAppTests.xctest */;
			productType = "com.apple.product-type.bundle.unit-test";
		};
/* End PBXNativeTarget section */

/* Begin PBXProject section */
		C39FB1F61B3C71D700796A32 /* Project object */ = {
			isa = PBXProject;
			attributes = {
				LastUpgradeCheck = 0630;
				ORGANIZATIONNAME = Calvin;
				TargetAttributes = {
					C39FB1FD1B3C71D700796A32 = {
						CreatedOnToolsVersion = 6.3.2;
					};
					C39FB2121B3C71D800796A32 = {
						CreatedOnToolsVersion = 6.3.2;
						TestTargetID = C39FB1FD1B3C71D700796A32;
					};
				};
			};
			buildConfigurationList = C39FB1F91B3C71D700796A32 /* Build configuration list for PBXProject "SimpleApp" */;
			compatibilityVersion = "Xcode 3.2";
			developmentRegion = English;
			hasScannedForEncodings = 0;
			knownRegions = (
				en,
				Base,
			);
			mainGroup = C39FB1F51B3C71D700796A32;
			productRefGroup = C39FB1FF1B3C71D700796A32 /* Products */;
			projectDirPath = "";
			projectRoot = "";
			targets = (
				C39FB1FD1B3C71D700796A32 /* SimpleApp */,
				C39FB2121B3C71D800796A32 /* SimpleAppTests */,
			);
		};
/* End PBXProject section */

/* Begin PBXResourcesBuildPhase section */
		C39FB1FC1B3C71D700796A32 /* Resources */ = {
			isa = PBXResourcesBuildPhase;
			buildActionMask = 2147483647;
			files = (
				C39FB2091B3C71D700796A32 /* Main.storyboard in Resources */,
				C39FB20E1B3C71D700796A32 /* LaunchScreen.xib in Resources */,
				C39FB20B1B3C71D700796A32 /* Images.xcassets in Resources */,
			);
			runOnlyForDeploymentPostprocessing = 0;
		};
		C39FB2111B3C71D800796A32 /* Resources */ = {
			isa = PBXResourcesBuildPhase;
			buildActionMask = 2147483647;
			files = (
			);
			runOnlyForDeploymentPostprocessing = 0;
		};
/* End PBXResourcesBuildPhase section */

/* Begin PBXSourcesBuildPhase section */
		C39FB1FA1B3C71D700796A32 /* Sources */ = {
			isa = PBXSourcesBuildPhase;
			buildActionMask = 2147483647;
			files = (
				C39FB2061B3C71D700796A32 /* ViewController.swift in Sources */,
				C39FB2041B3C71D700796A32 /* AppDelegate.swift in Sources */,
			);
			runOnlyForDeploymentPostprocessing = 0;
		};
		C39FB20F1B3C71D800796A32 /* Sources */ = {
			isa = PBXSourcesBuildPhase;
			buildActionMask = 2147483647;
			files = (
				C39FB21A1B3C71D800796A32 /* SimpleAppTests.swift in Sources */,
			);
			runOnlyForDeploymentPostprocessing = 0;
		};
/* End PBXSourcesBuildPhase section */

/* Begin PBXTargetDependency section */
		C39FB2151B3C71D800796A32 /* PBXTargetDependency */ = {
			isa = PBXTargetDependency;
			target = C39FB1FD1B3C71D700796A32 /* SimpleApp */;
			targetProxy = C39FB2141B3C71D800796A32 /* PBXContainerItemProxy */;
		};
/* End PBXTargetDependency section */

/* Begin PBXVariantGroup section */
		C39FB2071B3C71D700796A32 /* Main.storyboard */ = {
			isa = PBXVariantGroup;
			children = (
				C39FB2081B3C71D700796A32 /* Base */,
			);
			name = Main.storyboard;
			sourceTree = "<group>";
		};
		C39FB20C1B3C71D700796A32 /* LaunchScreen.xib */ = {
			isa = PBXVariantGroup;
			children = (
				C39FB20D1B3C71D700796A32 /* Base */,
			);
			name = LaunchScreen.xib;
			sourceTree = "<group>";
		};
/* End PBXVariantGroup section */

/* Begin XCBuildConfiguration section */
		C39FB21B1B3C71D800796A32 /* Debug */ = {
			isa = XCBuildConfiguration;
			buildSettings = {
				ALWAYS_SEARCH_USER_PATHS = NO;
				CLANG_CXX_LANGUAGE_STANDARD = "gnu++0x";
				CLANG_CXX_LIBRARY = "libc++";
				CLANG_ENABLE_MODULES = YES;
				CLANG_ENABLE_OBJC_ARC = YES;
				CLANG_WARN_BOOL_CONVERSION = YES;
				CLANG_WARN_CONSTANT_CONVERSION = YES;
				CLANG_WARN_DIRECT_OBJC_ISA_USAGE = YES_ERROR;
				CLANG_WARN_EMPTY_BODY = YES;
				CLANG_WARN_ENUM_CONVERSION = YES;
				CLANG_WARN_INT_CONVERSION = YES;
				CLANG_WARN_OBJC_ROOT_CLASS = YES_ERROR;
				CLANG_WARN_UNREACHABLE_CODE = YES;
				CLANG_WARN__DUPLICATE_METHOD_MATCH = YES;
				"CODE_SIGN_IDENTITY[sdk=iphoneos*]" = "iPhone Developer";
				COPY_PHASE_STRIP = NO;
				DEBUG_INFORMATION_FORMAT = "dwarf-with-dsym";
				ENABLE_STRICT_OBJC_MSGSEND = YES;
				GCC_C_LANGUAGE_STANDARD = gnu99;
				GCC_DYNAMIC_NO_PIC = NO;
				GCC_NO_COMMON_BLOCKS = YES;
				GCC_OPTIMIZATION_LEVEL = 0;
				GCC_PREPROCESSOR_DEFINITIONS = (
					"DEBUG=1",
					"$(inherited)",
				);
				GCC_SYMBOLS_PRIVATE_EXTERN = NO;
				GCC_WARN_64_TO_32_BIT_CONVERSION = YES;
				GCC_WARN_ABOUT_RETURN_TYPE = YES_ERROR;
				GCC_WARN_UNDECLARED_SELECTOR = YES;
				GCC_WARN_UNINITIALIZED_AUTOS = YES_AGGRESSIVE;
				GCC_WARN_UNUSED_FUNCTION = YES;
				GCC_WARN_UNUSED_VARIABLE = YES;
				IPHONEOS_DEPLOYMENT_TARGET = 8.3;
				MTL_ENABLE_DEBUG_INFO = YES;
				ONLY_ACTIVE_ARCH = YES;
				SDKROOT = iphoneos;
				SWIFT_OPTIMIZATION_LEVEL = "-Onone";
				TARGETED_DEVICE_FAMILY = "1,2";
			};
			name = Debug;
		};
		C39FB21C1B3C71D800796A32 /* Release */ = {
			isa = XCBuildConfiguration;
			buildSettings = {
				ALWAYS_SEARCH_USER_PATHS = NO;
				CLANG_CXX_LANGUAGE_STANDARD = "gnu++0x";
				CLANG_CXX_LIBRARY = "libc++";
				CLANG_ENABLE_MODULES = YES;
				CLANG_ENABLE_OBJC_ARC = YES;
				CLANG_WARN_BOOL_CONVERSION = YES;
				CLANG_WARN_CONSTANT_CONVERSION = YES;
				CLANG_WARN_DIRECT_OBJC_ISA_USAGE = YES_ERROR;
				CLANG_WARN_EMPTY_BODY = YES;
				CLANG_WARN_ENUM_CONVERSION = YES;
				CLANG_WARN_INT_CONVERSION = YES;
				CLANG_WARN_OBJC_ROOT_CLASS = YES_ERROR;
				CLANG_WARN_UNREACHABLE_CODE = YES;
				CLANG_WARN__DUPLICATE_METHOD_MATCH = YES;
				"CODE_SIGN_IDENTITY[sdk=iphoneos*]" = "iPhone Developer";
				COPY_PHASE_STRIP = NO;
				DEBUG_INFORMATION_FORMAT = "dwarf-with-dsym";
				ENABLE_NS_ASSERTIONS = NO;
				ENABLE_STRICT_OBJC_MSGSEND = YES;
				GCC_C_LANGUAGE_STANDARD = gnu99;
				GCC_NO_COMMON_BLOCKS = YES;
				GCC_WARN_64_TO_32_BIT_CONVERSION = YES;
				GCC_WARN_ABOUT_RETURN_TYPE = YES_ERROR;
				GCC_WARN_UNDECLARED_SELECTOR = YES;
				GCC_WARN_UNINITIALIZED_AUTOS = YES_AGGRESSIVE;
				GCC_WARN_UNUSED_FUNCTION = YES;
				GCC_WARN_UNUSED_VARIABLE = YES;
				IPHONEOS_DEPLOYMENT_TARGET = 8.3;
				MTL_ENABLE_DEBUG_INFO = NO;
				SDKROOT = iphoneos;
				TARGETED_DEVICE_FAMILY = "1,2";
				VALIDATE_PRODUCT = YES;
			};
			name = Release;
		};
		C39FB21E1B3C71D800796A32 /* Debug */ = {
			isa = XCBuildConfiguration;
			buildSettings = {
				ASSETCATALOG_COMPILER_APPICON_NAME = AppIcon;
				INFOPLIST_FILE = SimpleApp/Info.plist;
				LD_RUNPATH_SEARCH_PATHS = "$(inherited) @executable_path/Frameworks";
				PRODUCT_NAME = "$(TARGET_NAME)";
			};
			name = Debug;
		};
		C39FB21F1B3C71D800796A32 /* Release */ = {
			isa = XCBuildConfiguration;
			buildSettings = {
				ASSETCATALOG_COMPILER_APPICON_NAME = AppIcon;
				INFOPLIST_FILE = SimpleApp/Info.plist;
				LD_RUNPATH_SEARCH_PATHS = "$(inherited) @executable_path/Frameworks";
				PRODUCT_NAME = "$(TARGET_NAME)";
			};
			name = Release;
		};
		C39FB2211B3C71D800796A32 /* Debug */ = {
			isa = XCBuildConfiguration;
			buildSettings = {
				BUNDLE_LOADER = "$(TEST_HOST)";
				FRAMEWORK_SEARCH_PATHS = (
					"$(SDKROOT)/Developer/Library/Frameworks",
					"$(inherited)",
				);
				GCC_PREPROCESSOR_DEFINITIONS = (
					"DEBUG=1",
					"$(inherited)",
				);
				INFOPLIST_FILE = SimpleAppTests/Info.plist;
				LD_RUNPATH_SEARCH_PATHS = "$(inherited) @executable_path/Frameworks @loader_path/Frameworks";
				PRODUCT_NAME = "$(TARGET_NAME)";
				TEST_HOST = "$(BUILT_PRODUCTS_DIR)/SimpleApp.app/SimpleApp";
			};
			name = Debug;
		};
		C39FB2221B3C71D800796A32 /* Release */ = {
			isa = XCBuildConfiguration;
			buildSettings = {
				BUNDLE_LOADER = "$(TEST_HOST)";
				FRAMEWORK_SEARCH_PATHS = (
					"$(SDKROOT)/Developer/Library/Frameworks",
					"$(inherited)",
				);
				INFOPLIST_FILE = SimpleAppTests/Info.plist;
				LD_RUNPATH_SEARCH_PATHS = "$(inherited) @executable_path/Frameworks @loader_path/Frameworks";
				PRODUCT_NAME = "$(TARGET_NAME)";
				TEST_HOST = "$(BUILT_PRODUCTS_DIR)/SimpleApp.app/SimpleApp";
			};
			name = Release;
		};
/* End XCBuildConfiguration section */

/* Begin XCConfigurationList section */
		C39FB1F91B3C71D700796A32 /* Build configuration list for PBXProject "SimpleApp" */ = {
			isa = XCConfigurationList;
			buildConfigurations = (
				C39FB21B1B3C71D800796A32 /* Debug */,
				C39FB21C1B3C71D800796A32 /* Release */,
			);
			defaultConfigurationIsVisible = 0;
			defaultConfigurationName = Release;
		};
		C39FB21D1B3C71D800796A32 /* Build configuration list for PBXNativeTarget "SimpleApp" */ = {
			isa = XCConfigurationList;
			buildConfigurations = (
				C39FB21E1B3C71D800796A32 /* Debug */,
				C39FB21F1B3C71D800796A32 /* Release */,
			);
			defaultConfigurationIsVisible = 0;
		};
		C39FB2201B3C71D800796A32 /* Build configuration list for PBXNativeTarget "SimpleAppTests" */ = {
			isa = XCConfigurationList;
			buildConfigurations = (
				C39FB2211B3C71D800796A32 /* Debug */,
				C39FB2221B3C71D800796A32 /* Release */,
			);
			defaultConfigurationIsVisible = 0;
		};
/* End XCConfigurationList section */
	};
	rootObject = C39FB1F61B3C71D700796A32 /* Project object */;
}
